
Microsoft Visual Studio Solution File, Format Version 12.00
# Visual Studio Version 16
VisualStudioVersion = 16.0.30804.86
MinimumVisualStudioVersion = 10.0.40219.1
Project("{FAE04EC0-301F-11D3-BF4B-00C04F79EFBC}") = "TasksWebitel", "TasksWebitel\TasksWebitel.csproj", "{5608919C-E720-4094-9166-2129220D5C4C}"
EndProject
Global
	GlobalSection(SolutionConfigurationPlatforms) = preSolution
		Debug|Any CPU = Debug|Any CPU
		Release|Any CPU = Release|Any CPU
	EndGlobalSection
	GlobalSection(ProjectConfigurationPlatforms) = postSolution
		{5608919C-E720-4094-9166-2129220D5C4C}.Debug|Any CPU.ActiveCfg = Debug|Any CPU
		{5608919C-E720-4094-9166-2129220D5C4C}.Debug|Any CPU.Build.0 = Debug|Any CPU
		{5608919C-E720-4094-9166-2129220D5C4C}.Release|Any CPU.ActiveCfg = Release|Any CPU
		{5608919C-E720-4094-9166-2129220D5C4C}.Release|Any CPU.Build.0 = Release|Any CPU
	EndGlobalSection
	GlobalSection(SolutionProperties) = preSolution
		HideSolutionNode = FALSE
	EndGlobalSection
	GlobalSection(ExtensibilityGlobals) = postSolution
		SolutionGuid = {803D57C0-93C6-4D7C-A251-653E00A1345C}
	EndGlobalSection
EndGlobal
